
Microsoft Visual Studio Solution File, Format Version 12.00
# Visual Studio Version 17
VisualStudioVersion = 17.3.32819.101
MinimumVisualStudioVersion = 10.0.40219.1
Project("{FAE04EC0-301F-11D3-BF4B-00C04F79EFBC}") = "vacancypost", "vacancypost.csproj", "{B0A0E7A0-B01B-4FE4-8C74-15947285D2B8}"
EndProject
Global
	GlobalSection(SolutionConfigurationPlatforms) = preSolution
		Debug|Any CPU = Debug|Any CPU
		Release|Any CPU = Release|Any CPU
	EndGlobalSection
	GlobalSection(ProjectConfigurationPlatforms) = postSolution
		{B0A0E7A0-B01B-4FE4-8C74-15947285D2B8}.Debug|Any CPU.ActiveCfg = Debug|Any CPU
		{B0A0E7A0-B01B-4FE4-8C74-15947285D2B8}.Debug|Any CPU.Build.0 = Debug|Any CPU
		{B0A0E7A0-B01B-4FE4-8C74-15947285D2B8}.Release|Any CPU.ActiveCfg = Release|Any CPU
		{B0A0E7A0-B01B-4FE4-8C74-15947285D2B8}.Release|Any CPU.Build.0 = Release|Any CPU
	EndGlobalSection
	GlobalSection(SolutionProperties) = preSolution
		HideSolutionNode = FALSE
	EndGlobalSection
	GlobalSection(ExtensibilityGlobals) = postSolution
		SolutionGuid = {F82A8B79-58AA-499D-BE50-388EDCED4514}
	EndGlobalSection
EndGlobal
